
Microsoft Visual Studio Solution File, Format Version 12.00
# Visual Studio Version 17
VisualStudioVersion = 17.8.34525.116
MinimumVisualStudioVersion = 10.0.40219.1
Project("{9A19103F-16F7-4668-BE54-9A1E7A4F7556}") = "hakaton_API", "hakaton_API.csproj", "{3858D3C3-67C0-404B-91DA-788460B1AC4B}"
EndProject
Project("{9A19103F-16F7-4668-BE54-9A1E7A4F7556}") = "hakaton_WEB", "..\hakaton_WEB\hakaton_WEB.csproj", "{E682DB0C-0216-415D-AF8A-35268CB4DC6A}"
	ProjectSection(ProjectDependencies) = postProject
		{3858D3C3-67C0-404B-91DA-788460B1AC4B} = {3858D3C3-67C0-404B-91DA-788460B1AC4B}
	EndProjectSection
EndProject
Global
	GlobalSection(SolutionConfigurationPlatforms) = preSolution
		Debug|Any CPU = Debug|Any CPU
		Release|Any CPU = Release|Any CPU
	EndGlobalSection
	GlobalSection(ProjectConfigurationPlatforms) = postSolution
		{3858D3C3-67C0-404B-91DA-788460B1AC4B}.Debug|Any CPU.ActiveCfg = Debug|Any CPU
		{3858D3C3-67C0-404B-91DA-788460B1AC4B}.Debug|Any CPU.Build.0 = Debug|Any CPU
		{3858D3C3-67C0-404B-91DA-788460B1AC4B}.Release|Any CPU.ActiveCfg = Release|Any CPU
		{3858D3C3-67C0-404B-91DA-788460B1AC4B}.Release|Any CPU.Build.0 = Release|Any CPU
		{E682DB0C-0216-415D-AF8A-35268CB4DC6A}.Debug|Any CPU.ActiveCfg = Debug|Any CPU
		{E682DB0C-0216-415D-AF8A-35268CB4DC6A}.Debug|Any CPU.Build.0 = Debug|Any CPU
		{E682DB0C-0216-415D-AF8A-35268CB4DC6A}.Release|Any CPU.ActiveCfg = Release|Any CPU
		{E682DB0C-0216-415D-AF8A-35268CB4DC6A}.Release|Any CPU.Build.0 = Release|Any CPU
	EndGlobalSection
	GlobalSection(SolutionProperties) = preSolution
		HideSolutionNode = FALSE
	EndGlobalSection
	GlobalSection(ExtensibilityGlobals) = postSolution
		SolutionGuid = {AB237440-F5F8-49B8-AC80-D2563600A627}
	EndGlobalSection
EndGlobal
